// !$*UTF8*$!
{
	archiveVersion = 1;
	classes = {
	};
	objectVersion = 55;
	objects = {

/* Begin PBXBuildFile section */
		8713209A27EDD72E0049BA3A /* AppDelegate.swift in Sources */ = {isa = PBXBuildFile; fileRef = 8713209927EDD72E0049BA3A /* AppDelegate.swift */; };
		8713209C27EDD72E0049BA3A /* SceneDelegate.swift in Sources */ = {isa = PBXBuildFile; fileRef = 8713209B27EDD72E0049BA3A /* SceneDelegate.swift */; };
		8713209E27EDD72E0049BA3A /* ViewController.swift in Sources */ = {isa = PBXBuildFile; fileRef = 8713209D27EDD72E0049BA3A /* ViewController.swift */; };
		871320A127EDD72E0049BA3A /* Main.storyboard in Resources */ = {isa = PBXBuildFile; fileRef = 8713209F27EDD72E0049BA3A /* Main.storyboard */; };
		871320A327EDD7310049BA3A /* Assets.xcassets in Resources */ = {isa = PBXBuildFile; fileRef = 871320A227EDD7310049BA3A /* Assets.xcassets */; };
		871320A627EDD7310049BA3A /* LaunchScreen.storyboard in Resources */ = {isa = PBXBuildFile; fileRef = 871320A427EDD7310049BA3A /* LaunchScreen.storyboard */; };
		871320B127EDD7310049BA3A /* GBShopTests.swift in Sources */ = {isa = PBXBuildFile; fileRef = 871320B027EDD7310049BA3A /* GBShopTests.swift */; };
		871320BB27EDD7310049BA3A /* GBShopUITests.swift in Sources */ = {isa = PBXBuildFile; fileRef = 871320BA27EDD7310049BA3A /* GBShopUITests.swift */; };
		871320BD27EDD7310049BA3A /* GBShopUITestsLaunchTests.swift in Sources */ = {isa = PBXBuildFile; fileRef = 871320BC27EDD7310049BA3A /* GBShopUITestsLaunchTests.swift */; };
		873D1A1A27F733C40053E17D /* RequestTest.swift in Sources */ = {isa = PBXBuildFile; fileRef = 873D1A1927F733C40053E17D /* RequestTest.swift */; };
		873D1A1C27F735980053E17D /* ResponseCodableTests.swift in Sources */ = {isa = PBXBuildFile; fileRef = 873D1A1B27F735980053E17D /* ResponseCodableTests.swift */; };
		877EADF327F07E35006A7AD9 /* AbstractErrorParser.swift in Sources */ = {isa = PBXBuildFile; fileRef = 877EADF227F07E35006A7AD9 /* AbstractErrorParser.swift */; };
		877EADF527F07E87006A7AD9 /* ErrorParser.swift in Sources */ = {isa = PBXBuildFile; fileRef = 877EADF427F07E87006A7AD9 /* ErrorParser.swift */; };
		877EADF827F07F4A006A7AD9 /* Alamofire in Frameworks */ = {isa = PBXBuildFile; productRef = 877EADF727F07F4A006A7AD9 /* Alamofire */; };
		877EADFA27F07F82006A7AD9 /* DataRequest.swift in Sources */ = {isa = PBXBuildFile; fileRef = 877EADF927F07F82006A7AD9 /* DataRequest.swift */; };
		877EADFC27F081AE006A7AD9 /* AbstractRequestFactory.swift in Sources */ = {isa = PBXBuildFile; fileRef = 877EADFB27F081AE006A7AD9 /* AbstractRequestFactory.swift */; };
		877EADFE27F08287006A7AD9 /* RequestRouter.swift in Sources */ = {isa = PBXBuildFile; fileRef = 877EADFD27F08287006A7AD9 /* RequestRouter.swift */; };
		877EAE0027F083DF006A7AD9 /* LoginResult.swift in Sources */ = {isa = PBXBuildFile; fileRef = 877EADFF27F083DF006A7AD9 /* LoginResult.swift */; };
		877EAE0227F083FE006A7AD9 /* User.swift in Sources */ = {isa = PBXBuildFile; fileRef = 877EAE0127F083FE006A7AD9 /* User.swift */; };
		877EAE0527F08467006A7AD9 /* AuthRequestFactory.swift in Sources */ = {isa = PBXBuildFile; fileRef = 877EAE0427F08467006A7AD9 /* AuthRequestFactory.swift */; };
		877EAE0727F084BE006A7AD9 /* Auth.swift in Sources */ = {isa = PBXBuildFile; fileRef = 877EAE0627F084BE006A7AD9 /* Auth.swift */; };
		877EAE0927F085A7006A7AD9 /* RequestFactory.swift in Sources */ = {isa = PBXBuildFile; fileRef = 877EAE0827F085A7006A7AD9 /* RequestFactory.swift */; };
		877EAE0B27F088F2006A7AD9 /* SignUpResult.swift in Sources */ = {isa = PBXBuildFile; fileRef = 877EAE0A27F088F2006A7AD9 /* SignUpResult.swift */; };
		877EAE0D27F089F2006A7AD9 /* LogoutResult.swift in Sources */ = {isa = PBXBuildFile; fileRef = 877EAE0C27F089F2006A7AD9 /* LogoutResult.swift */; };
		877EAE0F27F08A51006A7AD9 /* ChangeUserPersonalDataResult.swift in Sources */ = {isa = PBXBuildFile; fileRef = 877EAE0E27F08A51006A7AD9 /* ChangeUserPersonalDataResult.swift */; };
		87ED42DB27F113CA00980D74 /* Logout.swift in Sources */ = {isa = PBXBuildFile; fileRef = 87ED42DA27F113CA00980D74 /* Logout.swift */; };
		87ED42DD27F113ED00980D74 /* LogoutRequestFactory.swift in Sources */ = {isa = PBXBuildFile; fileRef = 87ED42DC27F113ED00980D74 /* LogoutRequestFactory.swift */; };
		87ED42DF27F1155300980D74 /* SignUp.swift in Sources */ = {isa = PBXBuildFile; fileRef = 87ED42DE27F1155300980D74 /* SignUp.swift */; };
		87ED42E127F1156600980D74 /* SignUpRequestFactory.swift in Sources */ = {isa = PBXBuildFile; fileRef = 87ED42E027F1156600980D74 /* SignUpRequestFactory.swift */; };
		87ED42E327F1165800980D74 /* ChangeUserPersonalData.swift in Sources */ = {isa = PBXBuildFile; fileRef = 87ED42E227F1165800980D74 /* ChangeUserPersonalData.swift */; };
		87ED42E527F1167000980D74 /* ChangeUserPersonalDataRequestFactory.swift in Sources */ = {isa = PBXBuildFile; fileRef = 87ED42E427F1167000980D74 /* ChangeUserPersonalDataRequestFactory.swift */; };
		87FA010827F7B4F20069C3D4 /* CatalogResult.swift in Sources */ = {isa = PBXBuildFile; fileRef = 87FA010727F7B4F20069C3D4 /* CatalogResult.swift */; };
		87FA010A27F7B6750069C3D4 /* ProductResult.swift in Sources */ = {isa = PBXBuildFile; fileRef = 87FA010927F7B6750069C3D4 /* ProductResult.swift */; };
		87FA010C27F7B7500069C3D4 /* CatalogRequestFactory.swift in Sources */ = {isa = PBXBuildFile; fileRef = 87FA010B27F7B7500069C3D4 /* CatalogRequestFactory.swift */; };
		87FA010E27F7B7C00069C3D4 /* Catalog.swift in Sources */ = {isa = PBXBuildFile; fileRef = 87FA010D27F7B7C00069C3D4 /* Catalog.swift */; };
		87FA011027F7B9410069C3D4 /* ProductRequestFactory.swift in Sources */ = {isa = PBXBuildFile; fileRef = 87FA010F27F7B9410069C3D4 /* ProductRequestFactory.swift */; };
		87FA011227F7B9DD0069C3D4 /* Product.swift in Sources */ = {isa = PBXBuildFile; fileRef = 87FA011127F7B9DD0069C3D4 /* Product.swift */; };
/* End PBXBuildFile section */

/* Begin PBXContainerItemProxy section */
		871320AD27EDD7310049BA3A /* PBXContainerItemProxy */ = {
			isa = PBXContainerItemProxy;
			containerPortal = 8713208E27EDD72E0049BA3A /* Project object */;
			proxyType = 1;
			remoteGlobalIDString = 8713209527EDD72E0049BA3A;
			remoteInfo = GBShop;
		};
		871320B727EDD7310049BA3A /* PBXContainerItemProxy */ = {
			isa = PBXContainerItemProxy;
			containerPortal = 8713208E27EDD72E0049BA3A /* Project object */;
			proxyType = 1;
			remoteGlobalIDString = 8713209527EDD72E0049BA3A;
			remoteInfo = GBShop;
		};
/* End PBXContainerItemProxy section */

/* Begin PBXFileReference section */
		8713209627EDD72E0049BA3A /* GBShop.app */ = {isa = PBXFileReference; explicitFileType = wrapper.application; includeInIndex = 0; path = GBShop.app; sourceTree = BUILT_PRODUCTS_DIR; };
		8713209927EDD72E0049BA3A /* AppDelegate.swift */ = {isa = PBXFileReference; lastKnownFileType = sourcecode.swift; path = AppDelegate.swift; sourceTree = "<group>"; };
		8713209B27EDD72E0049BA3A /* SceneDelegate.swift */ = {isa = PBXFileReference; lastKnownFileType = sourcecode.swift; path = SceneDelegate.swift; sourceTree = "<group>"; };
		8713209D27EDD72E0049BA3A /* ViewController.swift */ = {isa = PBXFileReference; lastKnownFileType = sourcecode.swift; path = ViewController.swift; sourceTree = "<group>"; };
		871320A027EDD72E0049BA3A /* Base */ = {isa = PBXFileReference; lastKnownFileType = file.storyboard; name = Base; path = Base.lproj/Main.storyboard; sourceTree = "<group>"; };
		871320A227EDD7310049BA3A /* Assets.xcassets */ = {isa = PBXFileReference; lastKnownFileType = folder.assetcatalog; path = Assets.xcassets; sourceTree = "<group>"; };
		871320A527EDD7310049BA3A /* Base */ = {isa = PBXFileReference; lastKnownFileType = file.storyboard; name = Base; path = Base.lproj/LaunchScreen.storyboard; sourceTree = "<group>"; };
		871320A727EDD7310049BA3A /* Info.plist */ = {isa = PBXFileReference; lastKnownFileType = text.plist.xml; path = Info.plist; sourceTree = "<group>"; };
		871320AC27EDD7310049BA3A /* GBShopTests.xctest */ = {isa = PBXFileReference; explicitFileType = wrapper.cfbundle; includeInIndex = 0; path = GBShopTests.xctest; sourceTree = BUILT_PRODUCTS_DIR; };
		871320B027EDD7310049BA3A /* GBShopTests.swift */ = {isa = PBXFileReference; lastKnownFileType = sourcecode.swift; path = GBShopTests.swift; sourceTree = "<group>"; };
		871320B627EDD7310049BA3A /* GBShopUITests.xctest */ = {isa = PBXFileReference; explicitFileType = wrapper.cfbundle; includeInIndex = 0; path = GBShopUITests.xctest; sourceTree = BUILT_PRODUCTS_DIR; };
		871320BA27EDD7310049BA3A /* GBShopUITests.swift */ = {isa = PBXFileReference; lastKnownFileType = sourcecode.swift; path = GBShopUITests.swift; sourceTree = "<group>"; };
		871320BC27EDD7310049BA3A /* GBShopUITestsLaunchTests.swift */ = {isa = PBXFileReference; lastKnownFileType = sourcecode.swift; path = GBShopUITestsLaunchTests.swift; sourceTree = "<group>"; };
		873D1A1927F733C40053E17D /* RequestTest.swift */ = {isa = PBXFileReference; lastKnownFileType = sourcecode.swift; path = RequestTest.swift; sourceTree = "<group>"; };
		873D1A1B27F735980053E17D /* ResponseCodableTests.swift */ = {isa = PBXFileReference; lastKnownFileType = sourcecode.swift; path = ResponseCodableTests.swift; sourceTree = "<group>"; };
		877EADF227F07E35006A7AD9 /* AbstractErrorParser.swift */ = {isa = PBXFileReference; lastKnownFileType = sourcecode.swift; path = AbstractErrorParser.swift; sourceTree = "<group>"; };
		877EADF427F07E87006A7AD9 /* ErrorParser.swift */ = {isa = PBXFileReference; lastKnownFileType = sourcecode.swift; path = ErrorParser.swift; sourceTree = "<group>"; };
		877EADF927F07F82006A7AD9 /* DataRequest.swift */ = {isa = PBXFileReference; lastKnownFileType = sourcecode.swift; path = DataRequest.swift; sourceTree = "<group>"; };
		877EADFB27F081AE006A7AD9 /* AbstractRequestFactory.swift */ = {isa = PBXFileReference; lastKnownFileType = sourcecode.swift; path = AbstractRequestFactory.swift; sourceTree = "<group>"; };
		877EADFD27F08287006A7AD9 /* RequestRouter.swift */ = {isa = PBXFileReference; lastKnownFileType = sourcecode.swift; path = RequestRouter.swift; sourceTree = "<group>"; };
		877EADFF27F083DF006A7AD9 /* LoginResult.swift */ = {isa = PBXFileReference; lastKnownFileType = sourcecode.swift; path = LoginResult.swift; sourceTree = "<group>"; };
		877EAE0127F083FE006A7AD9 /* User.swift */ = {isa = PBXFileReference; lastKnownFileType = sourcecode.swift; path = User.swift; sourceTree = "<group>"; };
		877EAE0427F08467006A7AD9 /* AuthRequestFactory.swift */ = {isa = PBXFileReference; lastKnownFileType = sourcecode.swift; path = AuthRequestFactory.swift; sourceTree = "<group>"; };
		877EAE0627F084BE006A7AD9 /* Auth.swift */ = {isa = PBXFileReference; lastKnownFileType = sourcecode.swift; path = Auth.swift; sourceTree = "<group>"; };
		877EAE0827F085A7006A7AD9 /* RequestFactory.swift */ = {isa = PBXFileReference; lastKnownFileType = sourcecode.swift; path = RequestFactory.swift; sourceTree = "<group>"; };
		877EAE0A27F088F2006A7AD9 /* SignUpResult.swift */ = {isa = PBXFileReference; lastKnownFileType = sourcecode.swift; path = SignUpResult.swift; sourceTree = "<group>"; };
		877EAE0C27F089F2006A7AD9 /* LogoutResult.swift */ = {isa = PBXFileReference; lastKnownFileType = sourcecode.swift; path = LogoutResult.swift; sourceTree = "<group>"; };
		877EAE0E27F08A51006A7AD9 /* ChangeUserPersonalDataResult.swift */ = {isa = PBXFileReference; lastKnownFileType = sourcecode.swift; path = ChangeUserPersonalDataResult.swift; sourceTree = "<group>"; };
		87ED42DA27F113CA00980D74 /* Logout.swift */ = {isa = PBXFileReference; lastKnownFileType = sourcecode.swift; path = Logout.swift; sourceTree = "<group>"; };
		87ED42DC27F113ED00980D74 /* LogoutRequestFactory.swift */ = {isa = PBXFileReference; lastKnownFileType = sourcecode.swift; path = LogoutRequestFactory.swift; sourceTree = "<group>"; };
		87ED42DE27F1155300980D74 /* SignUp.swift */ = {isa = PBXFileReference; lastKnownFileType = sourcecode.swift; path = SignUp.swift; sourceTree = "<group>"; };
		87ED42E027F1156600980D74 /* SignUpRequestFactory.swift */ = {isa = PBXFileReference; lastKnownFileType = sourcecode.swift; path = SignUpRequestFactory.swift; sourceTree = "<group>"; };
		87ED42E227F1165800980D74 /* ChangeUserPersonalData.swift */ = {isa = PBXFileReference; lastKnownFileType = sourcecode.swift; path = ChangeUserPersonalData.swift; sourceTree = "<group>"; };
		87ED42E427F1167000980D74 /* ChangeUserPersonalDataRequestFactory.swift */ = {isa = PBXFileReference; lastKnownFileType = sourcecode.swift; path = ChangeUserPersonalDataRequestFactory.swift; sourceTree = "<group>"; };
		87FA010727F7B4F20069C3D4 /* CatalogResult.swift */ = {isa = PBXFileReference; lastKnownFileType = sourcecode.swift; path = CatalogResult.swift; sourceTree = "<group>"; };
		87FA010927F7B6750069C3D4 /* ProductResult.swift */ = {isa = PBXFileReference; lastKnownFileType = sourcecode.swift; path = ProductResult.swift; sourceTree = "<group>"; };
		87FA010B27F7B7500069C3D4 /* CatalogRequestFactory.swift */ = {isa = PBXFileReference; lastKnownFileType = sourcecode.swift; path = CatalogRequestFactory.swift; sourceTree = "<group>"; };
		87FA010D27F7B7C00069C3D4 /* Catalog.swift */ = {isa = PBXFileReference; lastKnownFileType = sourcecode.swift; path = Catalog.swift; sourceTree = "<group>"; };
		87FA010F27F7B9410069C3D4 /* ProductRequestFactory.swift */ = {isa = PBXFileReference; lastKnownFileType = sourcecode.swift; path = ProductRequestFactory.swift; sourceTree = "<group>"; };
		87FA011127F7B9DD0069C3D4 /* Product.swift */ = {isa = PBXFileReference; lastKnownFileType = sourcecode.swift; path = Product.swift; sourceTree = "<group>"; };
/* End PBXFileReference section */

/* Begin PBXFrameworksBuildPhase section */
		8713209327EDD72E0049BA3A /* Frameworks */ = {
			isa = PBXFrameworksBuildPhase;
			buildActionMask = 2147483647;
			files = (
				877EADF827F07F4A006A7AD9 /* Alamofire in Frameworks */,
			);
			runOnlyForDeploymentPostprocessing = 0;
		};
		871320A927EDD7310049BA3A /* Frameworks */ = {
			isa = PBXFrameworksBuildPhase;
			buildActionMask = 2147483647;
			files = (
			);
			runOnlyForDeploymentPostprocessing = 0;
		};
		871320B327EDD7310049BA3A /* Frameworks */ = {
			isa = PBXFrameworksBuildPhase;
			buildActionMask = 2147483647;
			files = (
			);
			runOnlyForDeploymentPostprocessing = 0;
		};
/* End PBXFrameworksBuildPhase section */

/* Begin PBXGroup section */
		8713208D27EDD72E0049BA3A = {
			isa = PBXGroup;
			children = (
				8713209827EDD72E0049BA3A /* GBShop */,
				871320AF27EDD7310049BA3A /* GBShopTests */,
				871320B927EDD7310049BA3A /* GBShopUITests */,
				8713209727EDD72E0049BA3A /* Products */,
			);
			sourceTree = "<group>";
		};
		8713209727EDD72E0049BA3A /* Products */ = {
			isa = PBXGroup;
			children = (
				8713209627EDD72E0049BA3A /* GBShop.app */,
				871320AC27EDD7310049BA3A /* GBShopTests.xctest */,
				871320B627EDD7310049BA3A /* GBShopUITests.xctest */,
			);
			name = Products;
			sourceTree = "<group>";
		};
		8713209827EDD72E0049BA3A /* GBShop */ = {
			isa = PBXGroup;
			children = (
				87FF69DF27EDECBA00CBD0D9 /* App */,
				87FF69E427EDEDC200CBD0D9 /* Core */,
				87FF69E527EDEDDA00CBD0D9 /* Resources */,
				87FF69E627EDEE1600CBD0D9 /* Environments */,
				871320A727EDD7310049BA3A /* Info.plist */,
			);
			path = GBShop;
			sourceTree = "<group>";
		};
		871320AF27EDD7310049BA3A /* GBShopTests */ = {
			isa = PBXGroup;
			children = (
				871320B027EDD7310049BA3A /* GBShopTests.swift */,
				873D1A1927F733C40053E17D /* RequestTest.swift */,
				873D1A1B27F735980053E17D /* ResponseCodableTests.swift */,
			);
			path = GBShopTests;
			sourceTree = "<group>";
		};
		871320B927EDD7310049BA3A /* GBShopUITests */ = {
			isa = PBXGroup;
			children = (
				871320BA27EDD7310049BA3A /* GBShopUITests.swift */,
				871320BC27EDD7310049BA3A /* GBShopUITestsLaunchTests.swift */,
			);
			path = GBShopUITests;
			sourceTree = "<group>";
		};
		873D1A1727F72C000053E17D /* RequestFactory */ = {
			isa = PBXGroup;
			children = (
				877EAE0827F085A7006A7AD9 /* RequestFactory.swift */,
				877EAE0427F08467006A7AD9 /* AuthRequestFactory.swift */,
				87ED42DC27F113ED00980D74 /* LogoutRequestFactory.swift */,
				87ED42E027F1156600980D74 /* SignUpRequestFactory.swift */,
				87ED42E427F1167000980D74 /* ChangeUserPersonalDataRequestFactory.swift */,
				87FA010B27F7B7500069C3D4 /* CatalogRequestFactory.swift */,
				87FA010F27F7B9410069C3D4 /* ProductRequestFactory.swift */,
			);
			path = RequestFactory;
			sourceTree = "<group>";
		};
		873D1A1827F72C110053E17D /* Request */ = {
			isa = PBXGroup;
			children = (
				877EAE0627F084BE006A7AD9 /* Auth.swift */,
				87ED42DA27F113CA00980D74 /* Logout.swift */,
				87ED42DE27F1155300980D74 /* SignUp.swift */,
				87ED42E227F1165800980D74 /* ChangeUserPersonalData.swift */,
				87FA010D27F7B7C00069C3D4 /* Catalog.swift */,
				87FA011127F7B9DD0069C3D4 /* Product.swift */,
			);
			path = Request;
			sourceTree = "<group>";
		};
		877EADF127F07D14006A7AD9 /* Network */ = {
			isa = PBXGroup;
			children = (
				877EADF227F07E35006A7AD9 /* AbstractErrorParser.swift */,
				877EADF427F07E87006A7AD9 /* ErrorParser.swift */,
				877EADF927F07F82006A7AD9 /* DataRequest.swift */,
				877EADFB27F081AE006A7AD9 /* AbstractRequestFactory.swift */,
				877EADFD27F08287006A7AD9 /* RequestRouter.swift */,
			);
			path = Network;
			sourceTree = "<group>";
		};
		877EAE0327F08437006A7AD9 /* Network */ = {
			isa = PBXGroup;
			children = (
				873D1A1727F72C000053E17D /* RequestFactory */,
				873D1A1827F72C110053E17D /* Request */,
			);
			path = Network;
			sourceTree = "<group>";
		};
		87FF69DF27EDECBA00CBD0D9 /* App */ = {
			isa = PBXGroup;
			children = (
				8713209927EDD72E0049BA3A /* AppDelegate.swift */,
				8713209B27EDD72E0049BA3A /* SceneDelegate.swift */,
				87FF69E027EDED5C00CBD0D9 /* BussinessLogic */,
				87FF69E127EDED7E00CBD0D9 /* Entity */,
				87FF69E227EDEDA200CBD0D9 /* Assembly */,
				87FF69E327EDEDB000CBD0D9 /* Flows */,
			);
			path = App;
			sourceTree = "<group>";
		};
		87FF69E027EDED5C00CBD0D9 /* BussinessLogic */ = {
			isa = PBXGroup;
			children = (
				877EAE0327F08437006A7AD9 /* Network */,
			);
			path = BussinessLogic;
			sourceTree = "<group>";
		};
		87FF69E127EDED7E00CBD0D9 /* Entity */ = {
			isa = PBXGroup;
			children = (
				877EAE0127F083FE006A7AD9 /* User.swift */,
				877EADFF27F083DF006A7AD9 /* LoginResult.swift */,
				877EAE0A27F088F2006A7AD9 /* SignUpResult.swift */,
				877EAE0C27F089F2006A7AD9 /* LogoutResult.swift */,
				877EAE0E27F08A51006A7AD9 /* ChangeUserPersonalDataResult.swift */,
				87FA010727F7B4F20069C3D4 /* CatalogResult.swift */,
				87FA010927F7B6750069C3D4 /* ProductResult.swift */,
			);
			path = Entity;
			sourceTree = "<group>";
		};
		87FF69E227EDEDA200CBD0D9 /* Assembly */ = {
			isa = PBXGroup;
			children = (
			);
			path = Assembly;
			sourceTree = "<group>";
		};
		87FF69E327EDEDB000CBD0D9 /* Flows */ = {
			isa = PBXGroup;
			children = (
				8713209D27EDD72E0049BA3A /* ViewController.swift */,
				8713209F27EDD72E0049BA3A /* Main.storyboard */,
			);
			path = Flows;
			sourceTree = "<group>";
		};
		87FF69E427EDEDC200CBD0D9 /* Core */ = {
			isa = PBXGroup;
			children = (
				877EADF127F07D14006A7AD9 /* Network */,
			);
			path = Core;
			sourceTree = "<group>";
		};
		87FF69E527EDEDDA00CBD0D9 /* Resources */ = {
			isa = PBXGroup;
			children = (
				871320A227EDD7310049BA3A /* Assets.xcassets */,
				871320A427EDD7310049BA3A /* LaunchScreen.storyboard */,
			);
			path = Resources;
			sourceTree = "<group>";
		};
		87FF69E627EDEE1600CBD0D9 /* Environments */ = {
			isa = PBXGroup;
			children = (
			);
			path = Environments;
			sourceTree = "<group>";
		};
/* End PBXGroup section */

/* Begin PBXNativeTarget section */
		8713209527EDD72E0049BA3A /* GBShop */ = {
			isa = PBXNativeTarget;
			buildConfigurationList = 871320C027EDD7310049BA3A /* Build configuration list for PBXNativeTarget "GBShop" */;
			buildPhases = (
				8713209227EDD72E0049BA3A /* Sources */,
				8713209327EDD72E0049BA3A /* Frameworks */,
				8713209427EDD72E0049BA3A /* Resources */,
			);
			buildRules = (
			);
			dependencies = (
			);
			name = GBShop;
			packageProductDependencies = (
				877EADF727F07F4A006A7AD9 /* Alamofire */,
			);
			productName = GBShop;
			productReference = 8713209627EDD72E0049BA3A /* GBShop.app */;
			productType = "com.apple.product-type.application";
		};
		871320AB27EDD7310049BA3A /* GBShopTests */ = {
			isa = PBXNativeTarget;
			buildConfigurationList = 871320C327EDD7310049BA3A /* Build configuration list for PBXNativeTarget "GBShopTests" */;
			buildPhases = (
				871320A827EDD7310049BA3A /* Sources */,
				871320A927EDD7310049BA3A /* Frameworks */,
				871320AA27EDD7310049BA3A /* Resources */,
			);
			buildRules = (
			);
			dependencies = (
				871320AE27EDD7310049BA3A /* PBXTargetDependency */,
			);
			name = GBShopTests;
			productName = GBShopTests;
			productReference = 871320AC27EDD7310049BA3A /* GBShopTests.xctest */;
			productType = "com.apple.product-type.bundle.unit-test";
		};
		871320B527EDD7310049BA3A /* GBShopUITests */ = {
			isa = PBXNativeTarget;
			buildConfigurationList = 871320C627EDD7310049BA3A /* Build configuration list for PBXNativeTarget "GBShopUITests" */;
			buildPhases = (
				871320B227EDD7310049BA3A /* Sources */,
				871320B327EDD7310049BA3A /* Frameworks */,
				871320B427EDD7310049BA3A /* Resources */,
			);
			buildRules = (
			);
			dependencies = (
				871320B827EDD7310049BA3A /* PBXTargetDependency */,
			);
			name = GBShopUITests;
			productName = GBShopUITests;
			productReference = 871320B627EDD7310049BA3A /* GBShopUITests.xctest */;
			productType = "com.apple.product-type.bundle.ui-testing";
		};
/* End PBXNativeTarget section */

/* Begin PBXProject section */
		8713208E27EDD72E0049BA3A /* Project object */ = {
			isa = PBXProject;
			attributes = {
				BuildIndependentTargetsInParallel = 1;
				LastSwiftUpdateCheck = 1320;
				LastUpgradeCheck = 1320;
				TargetAttributes = {
					8713209527EDD72E0049BA3A = {
						CreatedOnToolsVersion = 13.2.1;
					};
					871320AB27EDD7310049BA3A = {
						CreatedOnToolsVersion = 13.2.1;
						TestTargetID = 8713209527EDD72E0049BA3A;
					};
					871320B527EDD7310049BA3A = {
						CreatedOnToolsVersion = 13.2.1;
						TestTargetID = 8713209527EDD72E0049BA3A;
					};
				};
			};
			buildConfigurationList = 8713209127EDD72E0049BA3A /* Build configuration list for PBXProject "GBShop" */;
			compatibilityVersion = "Xcode 13.0";
			developmentRegion = en;
			hasScannedForEncodings = 0;
			knownRegions = (
				en,
				Base,
			);
			mainGroup = 8713208D27EDD72E0049BA3A;
			packageReferences = (
				877EADF627F07F4A006A7AD9 /* XCRemoteSwiftPackageReference "Alamofire" */,
			);
			productRefGroup = 8713209727EDD72E0049BA3A /* Products */;
			projectDirPath = "";
			projectRoot = "";
			targets = (
				8713209527EDD72E0049BA3A /* GBShop */,
				871320AB27EDD7310049BA3A /* GBShopTests */,
				871320B527EDD7310049BA3A /* GBShopUITests */,
			);
		};
/* End PBXProject section */

/* Begin PBXResourcesBuildPhase section */
		8713209427EDD72E0049BA3A /* Resources */ = {
			isa = PBXResourcesBuildPhase;
			buildActionMask = 2147483647;
			files = (
				871320A627EDD7310049BA3A /* LaunchScreen.storyboard in Resources */,
				871320A327EDD7310049BA3A /* Assets.xcassets in Resources */,
				871320A127EDD72E0049BA3A /* Main.storyboard in Resources */,
			);
			runOnlyForDeploymentPostprocessing = 0;
		};
		871320AA27EDD7310049BA3A /* Resources */ = {
			isa = PBXResourcesBuildPhase;
			buildActionMask = 2147483647;
			files = (
			);
			runOnlyForDeploymentPostprocessing = 0;
		};
		871320B427EDD7310049BA3A /* Resources */ = {
			isa = PBXResourcesBuildPhase;
			buildActionMask = 2147483647;
			files = (
			);
			runOnlyForDeploymentPostprocessing = 0;
		};
/* End PBXResourcesBuildPhase section */

/* Begin PBXSourcesBuildPhase section */
		8713209227EDD72E0049BA3A /* Sources */ = {
			isa = PBXSourcesBuildPhase;
			buildActionMask = 2147483647;
			files = (
				87ED42E327F1165800980D74 /* ChangeUserPersonalData.swift in Sources */,
				877EAE0B27F088F2006A7AD9 /* SignUpResult.swift in Sources */,
				877EAE0527F08467006A7AD9 /* AuthRequestFactory.swift in Sources */,
				877EADFE27F08287006A7AD9 /* RequestRouter.swift in Sources */,
				877EADFC27F081AE006A7AD9 /* AbstractRequestFactory.swift in Sources */,
				87FA010E27F7B7C00069C3D4 /* Catalog.swift in Sources */,
				877EAE0927F085A7006A7AD9 /* RequestFactory.swift in Sources */,
				877EADF527F07E87006A7AD9 /* ErrorParser.swift in Sources */,
				87ED42DD27F113ED00980D74 /* LogoutRequestFactory.swift in Sources */,
				877EAE0D27F089F2006A7AD9 /* LogoutResult.swift in Sources */,
				87ED42E127F1156600980D74 /* SignUpRequestFactory.swift in Sources */,
				8713209E27EDD72E0049BA3A /* ViewController.swift in Sources */,
				87ED42E527F1167000980D74 /* ChangeUserPersonalDataRequestFactory.swift in Sources */,
				87FA011227F7B9DD0069C3D4 /* Product.swift in Sources */,
				8713209A27EDD72E0049BA3A /* AppDelegate.swift in Sources */,
				877EADFA27F07F82006A7AD9 /* DataRequest.swift in Sources */,
				87FA010827F7B4F20069C3D4 /* CatalogResult.swift in Sources */,
				877EAE0F27F08A51006A7AD9 /* ChangeUserPersonalDataResult.swift in Sources */,
				877EAE0027F083DF006A7AD9 /* LoginResult.swift in Sources */,
				87FA011027F7B9410069C3D4 /* ProductRequestFactory.swift in Sources */,
				87FA010A27F7B6750069C3D4 /* ProductResult.swift in Sources */,
				8713209C27EDD72E0049BA3A /* SceneDelegate.swift in Sources */,
				87ED42DB27F113CA00980D74 /* Logout.swift in Sources */,
				877EAE0227F083FE006A7AD9 /* User.swift in Sources */,
				87ED42DF27F1155300980D74 /* SignUp.swift in Sources */,
				877EADF327F07E35006A7AD9 /* AbstractErrorParser.swift in Sources */,
				877EAE0727F084BE006A7AD9 /* Auth.swift in Sources */,
				87FA010C27F7B7500069C3D4 /* CatalogRequestFactory.swift in Sources */,
			);
			runOnlyForDeploymentPostprocessing = 0;
		};
		871320A827EDD7310049BA3A /* Sources */ = {
			isa = PBXSourcesBuildPhase;
			buildActionMask = 2147483647;
			files = (
				871320B127EDD7310049BA3A /* GBShopTests.swift in Sources */,
				873D1A1C27F735980053E17D /* ResponseCodableTests.swift in Sources */,
				873D1A1A27F733C40053E17D /* RequestTest.swift in Sources */,
			);
			runOnlyForDeploymentPostprocessing = 0;
		};
		871320B227EDD7310049BA3A /* Sources */ = {
			isa = PBXSourcesBuildPhase;
			buildActionMask = 2147483647;
			files = (
				871320BB27EDD7310049BA3A /* GBShopUITests.swift in Sources */,
				871320BD27EDD7310049BA3A /* GBShopUITestsLaunchTests.swift in Sources */,
			);
			runOnlyForDeploymentPostprocessing = 0;
		};
/* End PBXSourcesBuildPhase section */

/* Begin PBXTargetDependency section */
		871320AE27EDD7310049BA3A /* PBXTargetDependency */ = {
			isa = PBXTargetDependency;
			target = 8713209527EDD72E0049BA3A /* GBShop */;
			targetProxy = 871320AD27EDD7310049BA3A /* PBXContainerItemProxy */;
		};
		871320B827EDD7310049BA3A /* PBXTargetDependency */ = {
			isa = PBXTargetDependency;
			target = 8713209527EDD72E0049BA3A /* GBShop */;
			targetProxy = 871320B727EDD7310049BA3A /* PBXContainerItemProxy */;
		};
/* End PBXTargetDependency section */

/* Begin PBXVariantGroup section */
		8713209F27EDD72E0049BA3A /* Main.storyboard */ = {
			isa = PBXVariantGroup;
			children = (
				871320A027EDD72E0049BA3A /* Base */,
			);
			name = Main.storyboard;
			sourceTree = "<group>";
		};
		871320A427EDD7310049BA3A /* LaunchScreen.storyboard */ = {
			isa = PBXVariantGroup;
			children = (
				871320A527EDD7310049BA3A /* Base */,
			);
			name = LaunchScreen.storyboard;
			sourceTree = "<group>";
		};
/* End PBXVariantGroup section */

/* Begin XCBuildConfiguration section */
		871320BE27EDD7310049BA3A /* Debug */ = {
			isa = XCBuildConfiguration;
			buildSettings = {
				ALWAYS_SEARCH_USER_PATHS = NO;
				CLANG_ANALYZER_NONNULL = YES;
				CLANG_ANALYZER_NUMBER_OBJECT_CONVERSION = YES_AGGRESSIVE;
				CLANG_CXX_LANGUAGE_STANDARD = "gnu++17";
				CLANG_CXX_LIBRARY = "libc++";
				CLANG_ENABLE_MODULES = YES;
				CLANG_ENABLE_OBJC_ARC = YES;
				CLANG_ENABLE_OBJC_WEAK = YES;
				CLANG_WARN_BLOCK_CAPTURE_AUTORELEASING = YES;
				CLANG_WARN_BOOL_CONVERSION = YES;
				CLANG_WARN_COMMA = YES;
				CLANG_WARN_CONSTANT_CONVERSION = YES;
				CLANG_WARN_DEPRECATED_OBJC_IMPLEMENTATIONS = YES;
				CLANG_WARN_DIRECT_OBJC_ISA_USAGE = YES_ERROR;
				CLANG_WARN_DOCUMENTATION_COMMENTS = YES;
				CLANG_WARN_EMPTY_BODY = YES;
				CLANG_WARN_ENUM_CONVERSION = YES;
				CLANG_WARN_INFINITE_RECURSION = YES;
				CLANG_WARN_INT_CONVERSION = YES;
				CLANG_WARN_NON_LITERAL_NULL_CONVERSION = YES;
				CLANG_WARN_OBJC_IMPLICIT_RETAIN_SELF = YES;
				CLANG_WARN_OBJC_LITERAL_CONVERSION = YES;
				CLANG_WARN_OBJC_ROOT_CLASS = YES_ERROR;
				CLANG_WARN_QUOTED_INCLUDE_IN_FRAMEWORK_HEADER = YES;
				CLANG_WARN_RANGE_LOOP_ANALYSIS = YES;
				CLANG_WARN_STRICT_PROTOTYPES = YES;
				CLANG_WARN_SUSPICIOUS_MOVE = YES;
				CLANG_WARN_UNGUARDED_AVAILABILITY = YES_AGGRESSIVE;
				CLANG_WARN_UNREACHABLE_CODE = YES;
				CLANG_WARN__DUPLICATE_METHOD_MATCH = YES;
				COPY_PHASE_STRIP = NO;
				DEBUG_INFORMATION_FORMAT = dwarf;
				ENABLE_STRICT_OBJC_MSGSEND = YES;
				ENABLE_TESTABILITY = YES;
				GCC_C_LANGUAGE_STANDARD = gnu11;
				GCC_DYNAMIC_NO_PIC = NO;
				GCC_NO_COMMON_BLOCKS = YES;
				GCC_OPTIMIZATION_LEVEL = 0;
				GCC_PREPROCESSOR_DEFINITIONS = (
					"DEBUG=1",
					"$(inherited)",
				);
				GCC_WARN_64_TO_32_BIT_CONVERSION = YES;
				GCC_WARN_ABOUT_RETURN_TYPE = YES_ERROR;
				GCC_WARN_UNDECLARED_SELECTOR = YES;
				GCC_WARN_UNINITIALIZED_AUTOS = YES_AGGRESSIVE;
				GCC_WARN_UNUSED_FUNCTION = YES;
				GCC_WARN_UNUSED_VARIABLE = YES;
				IPHONEOS_DEPLOYMENT_TARGET = 15.2;
				MTL_ENABLE_DEBUG_INFO = INCLUDE_SOURCE;
				MTL_FAST_MATH = YES;
				ONLY_ACTIVE_ARCH = YES;
				SDKROOT = iphoneos;
				SWIFT_ACTIVE_COMPILATION_CONDITIONS = DEBUG;
				SWIFT_OPTIMIZATION_LEVEL = "-Onone";
			};
			name = Debug;
		};
		871320BF27EDD7310049BA3A /* Release */ = {
			isa = XCBuildConfiguration;
			buildSettings = {
				ALWAYS_SEARCH_USER_PATHS = NO;
				CLANG_ANALYZER_NONNULL = YES;
				CLANG_ANALYZER_NUMBER_OBJECT_CONVERSION = YES_AGGRESSIVE;
				CLANG_CXX_LANGUAGE_STANDARD = "gnu++17";
				CLANG_CXX_LIBRARY = "libc++";
				CLANG_ENABLE_MODULES = YES;
				CLANG_ENABLE_OBJC_ARC = YES;
				CLANG_ENABLE_OBJC_WEAK = YES;
				CLANG_WARN_BLOCK_CAPTURE_AUTORELEASING = YES;
				CLANG_WARN_BOOL_CONVERSION = YES;
				CLANG_WARN_COMMA = YES;
				CLANG_WARN_CONSTANT_CONVERSION = YES;
				CLANG_WARN_DEPRECATED_OBJC_IMPLEMENTATIONS = YES;
				CLANG_WARN_DIRECT_OBJC_ISA_USAGE = YES_ERROR;
				CLANG_WARN_DOCUMENTATION_COMMENTS = YES;
				CLANG_WARN_EMPTY_BODY = YES;
				CLANG_WARN_ENUM_CONVERSION = YES;
				CLANG_WARN_INFINITE_RECURSION = YES;
				CLANG_WARN_INT_CONVERSION = YES;
				CLANG_WARN_NON_LITERAL_NULL_CONVERSION = YES;
				CLANG_WARN_OBJC_IMPLICIT_RETAIN_SELF = YES;
				CLANG_WARN_OBJC_LITERAL_CONVERSION = YES;
				CLANG_WARN_OBJC_ROOT_CLASS = YES_ERROR;
				CLANG_WARN_QUOTED_INCLUDE_IN_FRAMEWORK_HEADER = YES;
				CLANG_WARN_RANGE_LOOP_ANALYSIS = YES;
				CLANG_WARN_STRICT_PROTOTYPES = YES;
				CLANG_WARN_SUSPICIOUS_MOVE = YES;
				CLANG_WARN_UNGUARDED_AVAILABILITY = YES_AGGRESSIVE;
				CLANG_WARN_UNREACHABLE_CODE = YES;
				CLANG_WARN__DUPLICATE_METHOD_MATCH = YES;
				COPY_PHASE_STRIP = NO;
				DEBUG_INFORMATION_FORMAT = "dwarf-with-dsym";
				ENABLE_NS_ASSERTIONS = NO;
				ENABLE_STRICT_OBJC_MSGSEND = YES;
				GCC_C_LANGUAGE_STANDARD = gnu11;
				GCC_NO_COMMON_BLOCKS = YES;
				GCC_WARN_64_TO_32_BIT_CONVERSION = YES;
				GCC_WARN_ABOUT_RETURN_TYPE = YES_ERROR;
				GCC_WARN_UNDECLARED_SELECTOR = YES;
				GCC_WARN_UNINITIALIZED_AUTOS = YES_AGGRESSIVE;
				GCC_WARN_UNUSED_FUNCTION = YES;
				GCC_WARN_UNUSED_VARIABLE = YES;
				IPHONEOS_DEPLOYMENT_TARGET = 15.2;
				MTL_ENABLE_DEBUG_INFO = NO;
				MTL_FAST_MATH = YES;
				SDKROOT = iphoneos;
				SWIFT_COMPILATION_MODE = wholemodule;
				SWIFT_OPTIMIZATION_LEVEL = "-O";
				VALIDATE_PRODUCT = YES;
			};
			name = Release;
		};
		871320C127EDD7310049BA3A /* Debug */ = {
			isa = XCBuildConfiguration;
			buildSettings = {
				ASSETCATALOG_COMPILER_APPICON_NAME = AppIcon;
				ASSETCATALOG_COMPILER_GLOBAL_ACCENT_COLOR_NAME = AccentColor;
				CODE_SIGN_STYLE = Automatic;
				CURRENT_PROJECT_VERSION = 1;
				DEVELOPMENT_TEAM = S5TSM2AJ6F;
				GENERATE_INFOPLIST_FILE = YES;
				INFOPLIST_FILE = GBShop/Info.plist;
				INFOPLIST_KEY_UIApplicationSupportsIndirectInputEvents = YES;
				INFOPLIST_KEY_UILaunchStoryboardName = LaunchScreen;
				INFOPLIST_KEY_UIMainStoryboardFile = Main;
				INFOPLIST_KEY_UISupportedInterfaceOrientations_iPad = "UIInterfaceOrientationPortrait UIInterfaceOrientationPortraitUpsideDown UIInterfaceOrientationLandscapeLeft UIInterfaceOrientationLandscapeRight";
				INFOPLIST_KEY_UISupportedInterfaceOrientations_iPhone = "UIInterfaceOrientationPortrait UIInterfaceOrientationLandscapeLeft UIInterfaceOrientationLandscapeRight";
				LD_RUNPATH_SEARCH_PATHS = (
					"$(inherited)",
					"@executable_path/Frameworks",
				);
				MARKETING_VERSION = 1.0;
				PRODUCT_BUNDLE_IDENTIFIER = com.AtrashkovNikita.GBShop;
				PRODUCT_NAME = "$(TARGET_NAME)";
				SWIFT_EMIT_LOC_STRINGS = YES;
				SWIFT_VERSION = 5.0;
				TARGETED_DEVICE_FAMILY = "1,2";
			};
			name = Debug;
		};
		871320C227EDD7310049BA3A /* Release */ = {
			isa = XCBuildConfiguration;
			buildSettings = {
				ASSETCATALOG_COMPILER_APPICON_NAME = AppIcon;
				ASSETCATALOG_COMPILER_GLOBAL_ACCENT_COLOR_NAME = AccentColor;
				CODE_SIGN_STYLE = Automatic;
				CURRENT_PROJECT_VERSION = 1;
				DEVELOPMENT_TEAM = S5TSM2AJ6F;
				GENERATE_INFOPLIST_FILE = YES;
				INFOPLIST_FILE = GBShop/Info.plist;
				INFOPLIST_KEY_UIApplicationSupportsIndirectInputEvents = YES;
				INFOPLIST_KEY_UILaunchStoryboardName = LaunchScreen;
				INFOPLIST_KEY_UIMainStoryboardFile = Main;
				INFOPLIST_KEY_UISupportedInterfaceOrientations_iPad = "UIInterfaceOrientationPortrait UIInterfaceOrientationPortraitUpsideDown UIInterfaceOrientationLandscapeLeft UIInterfaceOrientationLandscapeRight";
				INFOPLIST_KEY_UISupportedInterfaceOrientations_iPhone = "UIInterfaceOrientationPortrait UIInterfaceOrientationLandscapeLeft UIInterfaceOrientationLandscapeRight";
				LD_RUNPATH_SEARCH_PATHS = (
					"$(inherited)",
					"@executable_path/Frameworks",
				);
				MARKETING_VERSION = 1.0;
				PRODUCT_BUNDLE_IDENTIFIER = com.AtrashkovNikita.GBShop;
				PRODUCT_NAME = "$(TARGET_NAME)";
				SWIFT_EMIT_LOC_STRINGS = YES;
				SWIFT_VERSION = 5.0;
				TARGETED_DEVICE_FAMILY = "1,2";
			};
			name = Release;
		};
		871320C427EDD7310049BA3A /* Debug */ = {
			isa = XCBuildConfiguration;
			buildSettings = {
				ALWAYS_EMBED_SWIFT_STANDARD_LIBRARIES = YES;
				BUNDLE_LOADER = "$(TEST_HOST)";
				CODE_SIGN_STYLE = Automatic;
				CURRENT_PROJECT_VERSION = 1;
				DEVELOPMENT_TEAM = S5TSM2AJ6F;
				GENERATE_INFOPLIST_FILE = YES;
				IPHONEOS_DEPLOYMENT_TARGET = 15.2;
				MARKETING_VERSION = 1.0;
				PRODUCT_BUNDLE_IDENTIFIER = com.AtrashkovNikita.GBShopTests;
				PRODUCT_NAME = "$(TARGET_NAME)";
				SWIFT_EMIT_LOC_STRINGS = NO;
				SWIFT_VERSION = 5.0;
				TARGETED_DEVICE_FAMILY = "1,2";
				TEST_HOST = "$(BUILT_PRODUCTS_DIR)/GBShop.app/GBShop";
			};
			name = Debug;
		};
		871320C527EDD7310049BA3A /* Release */ = {
			isa = XCBuildConfiguration;
			buildSettings = {
				ALWAYS_EMBED_SWIFT_STANDARD_LIBRARIES = YES;
				BUNDLE_LOADER = "$(TEST_HOST)";
				CODE_SIGN_STYLE = Automatic;
				CURRENT_PROJECT_VERSION = 1;
				DEVELOPMENT_TEAM = S5TSM2AJ6F;
				GENERATE_INFOPLIST_FILE = YES;
				IPHONEOS_DEPLOYMENT_TARGET = 15.2;
				MARKETING_VERSION = 1.0;
				PRODUCT_BUNDLE_IDENTIFIER = com.AtrashkovNikita.GBShopTests;
				PRODUCT_NAME = "$(TARGET_NAME)";
				SWIFT_EMIT_LOC_STRINGS = NO;
				SWIFT_VERSION = 5.0;
				TARGETED_DEVICE_FAMILY = "1,2";
				TEST_HOST = "$(BUILT_PRODUCTS_DIR)/GBShop.app/GBShop";
			};
			name = Release;
		};
		871320C727EDD7310049BA3A /* Debug */ = {
			isa = XCBuildConfiguration;
			buildSettings = {
				ALWAYS_EMBED_SWIFT_STANDARD_LIBRARIES = YES;
				CODE_SIGN_STYLE = Automatic;
				CURRENT_PROJECT_VERSION = 1;
				DEVELOPMENT_TEAM = S5TSM2AJ6F;
				GENERATE_INFOPLIST_FILE = YES;
				MARKETING_VERSION = 1.0;
				PRODUCT_BUNDLE_IDENTIFIER = com.AtrashkovNikita.GBShopUITests;
				PRODUCT_NAME = "$(TARGET_NAME)";
				SWIFT_EMIT_LOC_STRINGS = NO;
				SWIFT_VERSION = 5.0;
				TARGETED_DEVICE_FAMILY = "1,2";
				TEST_TARGET_NAME = GBShop;
			};
			name = Debug;
		};
		871320C827EDD7310049BA3A /* Release */ = {
			isa = XCBuildConfiguration;
			buildSettings = {
				ALWAYS_EMBED_SWIFT_STANDARD_LIBRARIES = YES;
				CODE_SIGN_STYLE = Automatic;
				CURRENT_PROJECT_VERSION = 1;
				DEVELOPMENT_TEAM = S5TSM2AJ6F;
				GENERATE_INFOPLIST_FILE = YES;
				MARKETING_VERSION = 1.0;
				PRODUCT_BUNDLE_IDENTIFIER = com.AtrashkovNikita.GBShopUITests;
				PRODUCT_NAME = "$(TARGET_NAME)";
				SWIFT_EMIT_LOC_STRINGS = NO;
				SWIFT_VERSION = 5.0;
				TARGETED_DEVICE_FAMILY = "1,2";
				TEST_TARGET_NAME = GBShop;
			};
			name = Release;
		};
/* End XCBuildConfiguration section */

/* Begin XCConfigurationList section */
		8713209127EDD72E0049BA3A /* Build configuration list for PBXProject "GBShop" */ = {
			isa = XCConfigurationList;
			buildConfigurations = (
				871320BE27EDD7310049BA3A /* Debug */,
				871320BF27EDD7310049BA3A /* Release */,
			);
			defaultConfigurationIsVisible = 0;
			defaultConfigurationName = Release;
		};
		871320C027EDD7310049BA3A /* Build configuration list for PBXNativeTarget "GBShop" */ = {
			isa = XCConfigurationList;
			buildConfigurations = (
				871320C127EDD7310049BA3A /* Debug */,
				871320C227EDD7310049BA3A /* Release */,
			);
			defaultConfigurationIsVisible = 0;
			defaultConfigurationName = Release;
		};
		871320C327EDD7310049BA3A /* Build configuration list for PBXNativeTarget "GBShopTests" */ = {
			isa = XCConfigurationList;
			buildConfigurations = (
				871320C427EDD7310049BA3A /* Debug */,
				871320C527EDD7310049BA3A /* Release */,
			);
			defaultConfigurationIsVisible = 0;
			defaultConfigurationName = Release;
		};
		871320C627EDD7310049BA3A /* Build configuration list for PBXNativeTarget "GBShopUITests" */ = {
			isa = XCConfigurationList;
			buildConfigurations = (
				871320C727EDD7310049BA3A /* Debug */,
				871320C827EDD7310049BA3A /* Release */,
			);
			defaultConfigurationIsVisible = 0;
			defaultConfigurationName = Release;
		};
/* End XCConfigurationList section */

/* Begin XCRemoteSwiftPackageReference section */
		877EADF627F07F4A006A7AD9 /* XCRemoteSwiftPackageReference "Alamofire" */ = {
			isa = XCRemoteSwiftPackageReference;
			repositoryURL = "https://github.com/Alamofire/Alamofire";
			requirement = {
				branch = master;
				kind = branch;
			};
		};
/* End XCRemoteSwiftPackageReference section */

/* Begin XCSwiftPackageProductDependency section */
		877EADF727F07F4A006A7AD9 /* Alamofire */ = {
			isa = XCSwiftPackageProductDependency;
			package = 877EADF627F07F4A006A7AD9 /* XCRemoteSwiftPackageReference "Alamofire" */;
			productName = Alamofire;
		};
/* End XCSwiftPackageProductDependency section */
	};
	rootObject = 8713208E27EDD72E0049BA3A /* Project object */;
}
